using System;

namespace CoursTableau
{
    class Program
    {
        static void Main(string[] args)
        {
            int [] tab = new int[6];
            tab = {1,2,3,4,5,6};
            
            foreach (int item in tab) {
            System.Console.WriteLine (item);
                
            }

        }
    }
}
